
Microsoft Visual Studio Solution File, Format Version 12.00
# Visual Studio Version 16
VisualStudioVersion = 16.0.31321.278
MinimumVisualStudioVersion = 10.0.40219.1
Project("{888888A0-9F3D-457C-B088-3A5042F75D52}") = "KmuttSearchEngine", "KmuttSearchEngine.pyproj", "{D22B6C16-AF22-4034-B0BB-C6EF51E3E243}"
EndProject
Global
	GlobalSection(SolutionConfigurationPlatforms) = preSolution
		Debug|Any CPU = Debug|Any CPU
		Release|Any CPU = Release|Any CPU
	EndGlobalSection
	GlobalSection(ProjectConfigurationPlatforms) = postSolution
		{D22B6C16-AF22-4034-B0BB-C6EF51E3E243}.Debug|Any CPU.ActiveCfg = Debug|Any CPU
		{D22B6C16-AF22-4034-B0BB-C6EF51E3E243}.Debug|Any CPU.Build.0 = Debug|Any CPU
		{D22B6C16-AF22-4034-B0BB-C6EF51E3E243}.Release|Any CPU.ActiveCfg = Debug|Any CPU
		{D22B6C16-AF22-4034-B0BB-C6EF51E3E243}.Release|Any CPU.Build.0 = Debug|Any CPU
	EndGlobalSection
	GlobalSection(SolutionProperties) = preSolution
		HideSolutionNode = FALSE
	EndGlobalSection
	GlobalSection(ExtensibilityGlobals) = postSolution
		SolutionGuid = {A330C3BF-122D-489F-A33B-25297066AEF9}
	EndGlobalSection
EndGlobal
